
Microsoft Visual Studio Solution File, Format Version 12.00
# Visual Studio Version 17
VisualStudioVersion = 17.7.34202.233
MinimumVisualStudioVersion = 10.0.40219.1
Project("{FAE04EC0-301F-11D3-BF4B-00C04F79EFBC}") = "Working with Classes", "Working with Classes\Working with Classes.csproj", "{8D53B440-F70E-4484-A038-FDC490DD8BF7}"
EndProject
Global
	GlobalSection(SolutionConfigurationPlatforms) = preSolution
		Debug|Any CPU = Debug|Any CPU
		Release|Any CPU = Release|Any CPU
	EndGlobalSection
	GlobalSection(ProjectConfigurationPlatforms) = postSolution
		{8D53B440-F70E-4484-A038-FDC490DD8BF7}.Debug|Any CPU.ActiveCfg = Debug|Any CPU
		{8D53B440-F70E-4484-A038-FDC490DD8BF7}.Debug|Any CPU.Build.0 = Debug|Any CPU
		{8D53B440-F70E-4484-A038-FDC490DD8BF7}.Release|Any CPU.ActiveCfg = Release|Any CPU
		{8D53B440-F70E-4484-A038-FDC490DD8BF7}.Release|Any CPU.Build.0 = Release|Any CPU
	EndGlobalSection
	GlobalSection(SolutionProperties) = preSolution
		HideSolutionNode = FALSE
	EndGlobalSection
	GlobalSection(ExtensibilityGlobals) = postSolution
		SolutionGuid = {15831B77-BB7F-4BA5-A81A-300DE90221AB}
	EndGlobalSection
EndGlobal
